
Microsoft Visual Studio Solution File, Format Version 12.00
# Visual Studio 2012
Project("{FAE04EC0-301F-11D3-BF4B-00C04F79EFBC}") = "HW_Abstraction_task1", "HW_Abstraction_task1\HW_Abstraction_task1.csproj", "{4AC2C120-ED34-4324-9F0F-A8D489EE6652}"
EndProject
Project("{FAE04EC0-301F-11D3-BF4B-00C04F79EFBC}") = "HW_Abstraction_task2", "HW_Abstraction_task2\HW_Abstraction_task2.csproj", "{F349FF28-D59D-4A68-95FB-263BEF43F087}"
EndProject
Global
	GlobalSection(SolutionConfigurationPlatforms) = preSolution
		Debug|Any CPU = Debug|Any CPU
		Release|Any CPU = Release|Any CPU
	EndGlobalSection
	GlobalSection(ProjectConfigurationPlatforms) = postSolution
		{4AC2C120-ED34-4324-9F0F-A8D489EE6652}.Debug|Any CPU.ActiveCfg = Debug|Any CPU
		{4AC2C120-ED34-4324-9F0F-A8D489EE6652}.Debug|Any CPU.Build.0 = Debug|Any CPU
		{4AC2C120-ED34-4324-9F0F-A8D489EE6652}.Release|Any CPU.ActiveCfg = Release|Any CPU
		{4AC2C120-ED34-4324-9F0F-A8D489EE6652}.Release|Any CPU.Build.0 = Release|Any CPU
		{F349FF28-D59D-4A68-95FB-263BEF43F087}.Debug|Any CPU.ActiveCfg = Debug|Any CPU
		{F349FF28-D59D-4A68-95FB-263BEF43F087}.Debug|Any CPU.Build.0 = Debug|Any CPU
		{F349FF28-D59D-4A68-95FB-263BEF43F087}.Release|Any CPU.ActiveCfg = Release|Any CPU
		{F349FF28-D59D-4A68-95FB-263BEF43F087}.Release|Any CPU.Build.0 = Release|Any CPU
	EndGlobalSection
	GlobalSection(SolutionProperties) = preSolution
		HideSolutionNode = FALSE
	EndGlobalSection
EndGlobal
